
Microsoft Visual Studio Solution File, Format Version 12.00
# Visual Studio Version 17
VisualStudioVersion = 17.13.35931.197 d17.13
MinimumVisualStudioVersion = 10.0.40219.1
Project("{FAE04EC0-301F-11D3-BF4B-00C04F79EFBC}") = "Smart-Campus-Management", "Smart-Campus-Management\Smart-Campus-Management.csproj", "{C8A4F3D3-2CA6-4884-BE55-D59CDDF32224}"
EndProject
Global
	GlobalSection(SolutionConfigurationPlatforms) = preSolution
		Debug|Any CPU = Debug|Any CPU
		Release|Any CPU = Release|Any CPU
	EndGlobalSection
	GlobalSection(ProjectConfigurationPlatforms) = postSolution
		{C8A4F3D3-2CA6-4884-BE55-D59CDDF32224}.Debug|Any CPU.ActiveCfg = Debug|Any CPU
		{C8A4F3D3-2CA6-4884-BE55-D59CDDF32224}.Debug|Any CPU.Build.0 = Debug|Any CPU
		{C8A4F3D3-2CA6-4884-BE55-D59CDDF32224}.Release|Any CPU.ActiveCfg = Release|Any CPU
		{C8A4F3D3-2CA6-4884-BE55-D59CDDF32224}.Release|Any CPU.Build.0 = Release|Any CPU
	EndGlobalSection
	GlobalSection(SolutionProperties) = preSolution
		HideSolutionNode = FALSE
	EndGlobalSection
	GlobalSection(ExtensibilityGlobals) = postSolution
		SolutionGuid = {63E0E398-B4DB-4B55-9BF3-CFC84F6ADB49}
	EndGlobalSection
EndGlobal
